
Microsoft Visual Studio Solution File, Format Version 12.00
# Visual Studio Version 17
VisualStudioVersion = 17.4.33103.184
MinimumVisualStudioVersion = 10.0.40219.1
Project("{FAE04EC0-301F-11D3-BF4B-00C04F79EFBC}") = "visokos", "visokos\visokos.csproj", "{351615C3-F72A-4567-B85E-E091A987DD03}"
EndProject
Global
	GlobalSection(SolutionConfigurationPlatforms) = preSolution
		Debug|Any CPU = Debug|Any CPU
		Release|Any CPU = Release|Any CPU
	EndGlobalSection
	GlobalSection(ProjectConfigurationPlatforms) = postSolution
		{351615C3-F72A-4567-B85E-E091A987DD03}.Debug|Any CPU.ActiveCfg = Debug|Any CPU
		{351615C3-F72A-4567-B85E-E091A987DD03}.Debug|Any CPU.Build.0 = Debug|Any CPU
		{351615C3-F72A-4567-B85E-E091A987DD03}.Release|Any CPU.ActiveCfg = Release|Any CPU
		{351615C3-F72A-4567-B85E-E091A987DD03}.Release|Any CPU.Build.0 = Release|Any CPU
	EndGlobalSection
	GlobalSection(SolutionProperties) = preSolution
		HideSolutionNode = FALSE
	EndGlobalSection
	GlobalSection(ExtensibilityGlobals) = postSolution
		SolutionGuid = {0076C410-40E6-4213-8E29-F6A2A7A2C7F4}
	EndGlobalSection
EndGlobal
